// !$*UTF8*$!
{
	archiveVersion = 1;
	classes = {
	};
	objectVersion = 50;
	objects = {

/* Begin PBXBuildFile section */
		041769DD2396A5E00093D1F7 /* Home.storyboard in Resources */ = {isa = PBXBuildFile; fileRef = 041769DC2396A5E00093D1F7 /* Home.storyboard */; };
		041769E02396A6270093D1F7 /* HomeViewController.swift in Sources */ = {isa = PBXBuildFile; fileRef = 041769DF2396A6270093D1F7 /* HomeViewController.swift */; };
		041769E12396A7450093D1F7 /* Main.storyboard in Resources */ = {isa = PBXBuildFile; fileRef = 04374491238D6BA6007A8742 /* Main.storyboard */; };
		041769E22396A7510093D1F7 /* LaunchScreen.storyboard in Resources */ = {isa = PBXBuildFile; fileRef = 04374496238D6BA8007A8742 /* LaunchScreen.storyboard */; };
		041769E32396A7B00093D1F7 /* Trending.storyboard in Resources */ = {isa = PBXBuildFile; fileRef = 041769DA2396A41F0093D1F7 /* Trending.storyboard */; };
		041769E52396AAFF0093D1F7 /* TabbarViewController.swift in Sources */ = {isa = PBXBuildFile; fileRef = 041769E42396AAFF0093D1F7 /* TabbarViewController.swift */; };
		0437448E238D6BA6007A8742 /* AppDelegate.swift in Sources */ = {isa = PBXBuildFile; fileRef = 0437448D238D6BA6007A8742 /* AppDelegate.swift */; };
		04374490238D6BA6007A8742 /* TrendingViewController.swift in Sources */ = {isa = PBXBuildFile; fileRef = 0437448F238D6BA6007A8742 /* TrendingViewController.swift */; };
		04374495238D6BA8007A8742 /* Assets.xcassets in Resources */ = {isa = PBXBuildFile; fileRef = 04374494238D6BA8007A8742 /* Assets.xcassets */; };
		043744A2238D71F4007A8742 /* TrendingTableViewCell.swift in Sources */ = {isa = PBXBuildFile; fileRef = 043744A0238D71F4007A8742 /* TrendingTableViewCell.swift */; };
		043744A3238D71F4007A8742 /* TrendingTableViewCell.xib in Resources */ = {isa = PBXBuildFile; fileRef = 043744A1238D71F4007A8742 /* TrendingTableViewCell.xib */; };
		043744A7238D7FD1007A8742 /* Trending.swift in Sources */ = {isa = PBXBuildFile; fileRef = 043744A6238D7FD1007A8742 /* Trending.swift */; };
		043744AA238D863F007A8742 /* UIImageView+LoadImage.swift in Sources */ = {isa = PBXBuildFile; fileRef = 043744A9238D863F007A8742 /* UIImageView+LoadImage.swift */; };
		0491557C2396BE9100107C3D /* Subscriptions.storyboard in Resources */ = {isa = PBXBuildFile; fileRef = 0491557B2396BE9100107C3D /* Subscriptions.storyboard */; };
		0491557E2396BEB700107C3D /* SubscriptionsViewController.swift in Sources */ = {isa = PBXBuildFile; fileRef = 0491557D2396BEB700107C3D /* SubscriptionsViewController.swift */; };
		049155802396C1B400107C3D /* Inbox.storyboard in Resources */ = {isa = PBXBuildFile; fileRef = 0491557F2396C1B400107C3D /* Inbox.storyboard */; };
		049155822396C1E100107C3D /* InboxViewController.swift in Sources */ = {isa = PBXBuildFile; fileRef = 049155812396C1E100107C3D /* InboxViewController.swift */; };
		049155842396C25B00107C3D /* Library.storyboard in Resources */ = {isa = PBXBuildFile; fileRef = 049155832396C25B00107C3D /* Library.storyboard */; };
		049155862396C32900107C3D /* LibraryViewController.swift in Sources */ = {isa = PBXBuildFile; fileRef = 049155852396C32900107C3D /* LibraryViewController.swift */; };
		049155892396C66500107C3D /* HeaderView.xib in Resources */ = {isa = PBXBuildFile; fileRef = 049155882396C66500107C3D /* HeaderView.xib */; };
		0491558B2396C68D00107C3D /* HeaderView.swift in Sources */ = {isa = PBXBuildFile; fileRef = 0491558A2396C68D00107C3D /* HeaderView.swift */; };
		DDEFA3B81AAB3BA7C4001C0E /* Pods_YouTubeClone.framework in Frameworks */ = {isa = PBXBuildFile; fileRef = 2D45EEA02487B58DA10BA286 /* Pods_YouTubeClone.framework */; };
/* End PBXBuildFile section */

/* Begin PBXFileReference section */
		041769DA2396A41F0093D1F7 /* Trending.storyboard */ = {isa = PBXFileReference; lastKnownFileType = file.storyboard; path = Trending.storyboard; sourceTree = "<group>"; };
		041769DC2396A5E00093D1F7 /* Home.storyboard */ = {isa = PBXFileReference; lastKnownFileType = file.storyboard; path = Home.storyboard; sourceTree = "<group>"; };
		041769DF2396A6270093D1F7 /* HomeViewController.swift */ = {isa = PBXFileReference; lastKnownFileType = sourcecode.swift; path = HomeViewController.swift; sourceTree = "<group>"; };
		041769E42396AAFF0093D1F7 /* TabbarViewController.swift */ = {isa = PBXFileReference; lastKnownFileType = sourcecode.swift; path = TabbarViewController.swift; sourceTree = "<group>"; };
		0437448A238D6BA6007A8742 /* YouTubeClone.app */ = {isa = PBXFileReference; explicitFileType = wrapper.application; includeInIndex = 0; path = YouTubeClone.app; sourceTree = BUILT_PRODUCTS_DIR; };
		0437448D238D6BA6007A8742 /* AppDelegate.swift */ = {isa = PBXFileReference; lastKnownFileType = sourcecode.swift; path = AppDelegate.swift; sourceTree = "<group>"; };
		0437448F238D6BA6007A8742 /* TrendingViewController.swift */ = {isa = PBXFileReference; lastKnownFileType = sourcecode.swift; path = TrendingViewController.swift; sourceTree = "<group>"; };
		04374492238D6BA6007A8742 /* Base */ = {isa = PBXFileReference; lastKnownFileType = file.storyboard; name = Base; path = Base.lproj/Main.storyboard; sourceTree = "<group>"; };
		04374494238D6BA8007A8742 /* Assets.xcassets */ = {isa = PBXFileReference; lastKnownFileType = folder.assetcatalog; path = Assets.xcassets; sourceTree = "<group>"; };
		04374497238D6BA8007A8742 /* Base */ = {isa = PBXFileReference; lastKnownFileType = file.storyboard; name = Base; path = Base.lproj/LaunchScreen.storyboard; sourceTree = "<group>"; };
		04374499238D6BA8007A8742 /* Info.plist */ = {isa = PBXFileReference; lastKnownFileType = text.plist.xml; path = Info.plist; sourceTree = "<group>"; };
		043744A0238D71F4007A8742 /* TrendingTableViewCell.swift */ = {isa = PBXFileReference; lastKnownFileType = sourcecode.swift; path = TrendingTableViewCell.swift; sourceTree = "<group>"; };
		043744A1238D71F4007A8742 /* TrendingTableViewCell.xib */ = {isa = PBXFileReference; lastKnownFileType = file.xib; path = TrendingTableViewCell.xib; sourceTree = "<group>"; };
		043744A6238D7FD1007A8742 /* Trending.swift */ = {isa = PBXFileReference; lastKnownFileType = sourcecode.swift; path = Trending.swift; sourceTree = "<group>"; };
		043744A9238D863F007A8742 /* UIImageView+LoadImage.swift */ = {isa = PBXFileReference; lastKnownFileType = sourcecode.swift; path = "UIImageView+LoadImage.swift"; sourceTree = "<group>"; };
		0491557B2396BE9100107C3D /* Subscriptions.storyboard */ = {isa = PBXFileReference; lastKnownFileType = file.storyboard; path = Subscriptions.storyboard; sourceTree = "<group>"; };
		0491557D2396BEB700107C3D /* SubscriptionsViewController.swift */ = {isa = PBXFileReference; lastKnownFileType = sourcecode.swift; path = SubscriptionsViewController.swift; sourceTree = "<group>"; };
		0491557F2396C1B400107C3D /* Inbox.storyboard */ = {isa = PBXFileReference; lastKnownFileType = file.storyboard; path = Inbox.storyboard; sourceTree = "<group>"; };
		049155812396C1E100107C3D /* InboxViewController.swift */ = {isa = PBXFileReference; lastKnownFileType = sourcecode.swift; path = InboxViewController.swift; sourceTree = "<group>"; };
		049155832396C25B00107C3D /* Library.storyboard */ = {isa = PBXFileReference; lastKnownFileType = file.storyboard; path = Library.storyboard; sourceTree = "<group>"; };
		049155852396C32900107C3D /* LibraryViewController.swift */ = {isa = PBXFileReference; lastKnownFileType = sourcecode.swift; path = LibraryViewController.swift; sourceTree = "<group>"; };
		049155882396C66500107C3D /* HeaderView.xib */ = {isa = PBXFileReference; lastKnownFileType = file.xib; path = HeaderView.xib; sourceTree = "<group>"; };
		0491558A2396C68D00107C3D /* HeaderView.swift */ = {isa = PBXFileReference; lastKnownFileType = sourcecode.swift; path = HeaderView.swift; sourceTree = "<group>"; };
		0E1C2B069658D95B3657C65E /* Pods-YouTubeClone.debug.xcconfig */ = {isa = PBXFileReference; includeInIndex = 1; lastKnownFileType = text.xcconfig; name = "Pods-YouTubeClone.debug.xcconfig"; path = "Target Support Files/Pods-YouTubeClone/Pods-YouTubeClone.debug.xcconfig"; sourceTree = "<group>"; };
		2D45EEA02487B58DA10BA286 /* Pods_YouTubeClone.framework */ = {isa = PBXFileReference; explicitFileType = wrapper.framework; includeInIndex = 0; path = Pods_YouTubeClone.framework; sourceTree = BUILT_PRODUCTS_DIR; };
		4D0F29C1003CB4A1D0AB28FB /* Pods-YouTubeClone.release.xcconfig */ = {isa = PBXFileReference; includeInIndex = 1; lastKnownFileType = text.xcconfig; name = "Pods-YouTubeClone.release.xcconfig"; path = "Target Support Files/Pods-YouTubeClone/Pods-YouTubeClone.release.xcconfig"; sourceTree = "<group>"; };
/* End PBXFileReference section */

/* Begin PBXFrameworksBuildPhase section */
		04374487238D6BA6007A8742 /* Frameworks */ = {
			isa = PBXFrameworksBuildPhase;
			buildActionMask = 2147483647;
			files = (
				DDEFA3B81AAB3BA7C4001C0E /* Pods_YouTubeClone.framework in Frameworks */,
			);
			runOnlyForDeploymentPostprocessing = 0;
		};
/* End PBXFrameworksBuildPhase section */

/* Begin PBXGroup section */
		041769D92396A3E90093D1F7 /* Storyboards */ = {
			isa = PBXGroup;
			children = (
				04374491238D6BA6007A8742 /* Main.storyboard */,
				041769DC2396A5E00093D1F7 /* Home.storyboard */,
				041769DA2396A41F0093D1F7 /* Trending.storyboard */,
				0491557B2396BE9100107C3D /* Subscriptions.storyboard */,
				0491557F2396C1B400107C3D /* Inbox.storyboard */,
				049155832396C25B00107C3D /* Library.storyboard */,
			);
			path = Storyboards;
			sourceTree = "<group>";
		};
		041769DE2396A5FB0093D1F7 /* ViewControllers */ = {
			isa = PBXGroup;
			children = (
				0437448F238D6BA6007A8742 /* TrendingViewController.swift */,
				041769DF2396A6270093D1F7 /* HomeViewController.swift */,
				041769E42396AAFF0093D1F7 /* TabbarViewController.swift */,
				0491557D2396BEB700107C3D /* SubscriptionsViewController.swift */,
				049155812396C1E100107C3D /* InboxViewController.swift */,
				049155852396C32900107C3D /* LibraryViewController.swift */,
			);
			path = ViewControllers;
			sourceTree = "<group>";
		};
		04374481238D6BA6007A8742 = {
			isa = PBXGroup;
			children = (
				0437448C238D6BA6007A8742 /* YouTubeClone */,
				0437448B238D6BA6007A8742 /* Products */,
				3C6AC3E7B08F2ABB042E0B74 /* Pods */,
				C7890AD1C7968EDA9958401C /* Frameworks */,
			);
			sourceTree = "<group>";
		};
		0437448B238D6BA6007A8742 /* Products */ = {
			isa = PBXGroup;
			children = (
				0437448A238D6BA6007A8742 /* YouTubeClone.app */,
			);
			name = Products;
			sourceTree = "<group>";
		};
		0437448C238D6BA6007A8742 /* YouTubeClone */ = {
			isa = PBXGroup;
			children = (
				049155872396C63E00107C3D /* CustomView */,
				0437449F238D6C81007A8742 /* CustomCell */,
				041769DE2396A5FB0093D1F7 /* ViewControllers */,
				041769D92396A3E90093D1F7 /* Storyboards */,
				043744A8238D8629007A8742 /* Extensions */,
				043744A5238D7FBE007A8742 /* Models */,
				0437448D238D6BA6007A8742 /* AppDelegate.swift */,
				04374494238D6BA8007A8742 /* Assets.xcassets */,
				04374496238D6BA8007A8742 /* LaunchScreen.storyboard */,
				04374499238D6BA8007A8742 /* Info.plist */,
			);
			path = YouTubeClone;
			sourceTree = "<group>";
		};
		0437449F238D6C81007A8742 /* CustomCell */ = {
			isa = PBXGroup;
			children = (
				043744A0238D71F4007A8742 /* TrendingTableViewCell.swift */,
				043744A1238D71F4007A8742 /* TrendingTableViewCell.xib */,
			);
			path = CustomCell;
			sourceTree = "<group>";
		};
		043744A5238D7FBE007A8742 /* Models */ = {
			isa = PBXGroup;
			children = (
				043744A6238D7FD1007A8742 /* Trending.swift */,
			);
			path = Models;
			sourceTree = "<group>";
		};
		043744A8238D8629007A8742 /* Extensions */ = {
			isa = PBXGroup;
			children = (
				043744A9238D863F007A8742 /* UIImageView+LoadImage.swift */,
			);
			path = Extensions;
			sourceTree = "<group>";
		};
		049155872396C63E00107C3D /* CustomView */ = {
			isa = PBXGroup;
			children = (
				049155882396C66500107C3D /* HeaderView.xib */,
				0491558A2396C68D00107C3D /* HeaderView.swift */,
			);
			path = CustomView;
			sourceTree = "<group>";
		};
		3C6AC3E7B08F2ABB042E0B74 /* Pods */ = {
			isa = PBXGroup;
			children = (
				0E1C2B069658D95B3657C65E /* Pods-YouTubeClone.debug.xcconfig */,
				4D0F29C1003CB4A1D0AB28FB /* Pods-YouTubeClone.release.xcconfig */,
			);
			path = Pods;
			sourceTree = "<group>";
		};
		C7890AD1C7968EDA9958401C /* Frameworks */ = {
			isa = PBXGroup;
			children = (
				2D45EEA02487B58DA10BA286 /* Pods_YouTubeClone.framework */,
			);
			name = Frameworks;
			sourceTree = "<group>";
		};
/* End PBXGroup section */

/* Begin PBXNativeTarget section */
		04374489238D6BA6007A8742 /* YouTubeClone */ = {
			isa = PBXNativeTarget;
			buildConfigurationList = 0437449C238D6BA8007A8742 /* Build configuration list for PBXNativeTarget "YouTubeClone" */;
			buildPhases = (
				89B099484CB7A22AFAAA1C95 /* [CP] Check Pods Manifest.lock */,
				04374486238D6BA6007A8742 /* Sources */,
				04374487238D6BA6007A8742 /* Frameworks */,
				04374488238D6BA6007A8742 /* Resources */,
				D400994F133CF32EF012E536 /* [CP] Embed Pods Frameworks */,
			);
			buildRules = (
			);
			dependencies = (
			);
			name = YouTubeClone;
			productName = YouTubeClone;
			productReference = 0437448A238D6BA6007A8742 /* YouTubeClone.app */;
			productType = "com.apple.product-type.application";
		};
/* End PBXNativeTarget section */

/* Begin PBXProject section */
		04374482238D6BA6007A8742 /* Project object */ = {
			isa = PBXProject;
			attributes = {
				LastSwiftUpdateCheck = 1030;
				LastUpgradeCheck = 1030;
				ORGANIZATIONNAME = lhvan89;
				TargetAttributes = {
					04374489238D6BA6007A8742 = {
						CreatedOnToolsVersion = 10.3;
					};
				};
			};
			buildConfigurationList = 04374485238D6BA6007A8742 /* Build configuration list for PBXProject "YouTubeClone" */;
			compatibilityVersion = "Xcode 9.3";
			developmentRegion = en;
			hasScannedForEncodings = 0;
			knownRegions = (
				en,
				Base,
			);
			mainGroup = 04374481238D6BA6007A8742;
			productRefGroup = 0437448B238D6BA6007A8742 /* Products */;
			projectDirPath = "";
			projectRoot = "";
			targets = (
				04374489238D6BA6007A8742 /* YouTubeClone */,
			);
		};
/* End PBXProject section */

/* Begin PBXResourcesBuildPhase section */
		04374488238D6BA6007A8742 /* Resources */ = {
			isa = PBXResourcesBuildPhase;
			buildActionMask = 2147483647;
			files = (
				041769E32396A7B00093D1F7 /* Trending.storyboard in Resources */,
				049155892396C66500107C3D /* HeaderView.xib in Resources */,
				041769E22396A7510093D1F7 /* LaunchScreen.storyboard in Resources */,
				041769E12396A7450093D1F7 /* Main.storyboard in Resources */,
				043744A3238D71F4007A8742 /* TrendingTableViewCell.xib in Resources */,
				049155842396C25B00107C3D /* Library.storyboard in Resources */,
				0491557C2396BE9100107C3D /* Subscriptions.storyboard in Resources */,
				04374495238D6BA8007A8742 /* Assets.xcassets in Resources */,
				041769DD2396A5E00093D1F7 /* Home.storyboard in Resources */,
				049155802396C1B400107C3D /* Inbox.storyboard in Resources */,
			);
			runOnlyForDeploymentPostprocessing = 0;
		};
/* End PBXResourcesBuildPhase section */

/* Begin PBXShellScriptBuildPhase section */
		89B099484CB7A22AFAAA1C95 /* [CP] Check Pods Manifest.lock */ = {
			isa = PBXShellScriptBuildPhase;
			buildActionMask = 2147483647;
			files = (
			);
			inputFileListPaths = (
			);
			inputPaths = (
				"${PODS_PODFILE_DIR_PATH}/Podfile.lock",
				"${PODS_ROOT}/Manifest.lock",
			);
			name = "[CP] Check Pods Manifest.lock";
			outputFileListPaths = (
			);
			outputPaths = (
				"$(DERIVED_FILE_DIR)/Pods-YouTubeClone-checkManifestLockResult.txt",
			);
			runOnlyForDeploymentPostprocessing = 0;
			shellPath = /bin/sh;
			shellScript = "diff \"${PODS_PODFILE_DIR_PATH}/Podfile.lock\" \"${PODS_ROOT}/Manifest.lock\" > /dev/null\nif [ $? != 0 ] ; then\n    # print error to STDERR\n    echo \"error: The sandbox is not in sync with the Podfile.lock. Run 'pod install' or update your CocoaPods installation.\" >&2\n    exit 1\nfi\n# This output is used by Xcode 'outputs' to avoid re-running this script phase.\necho \"SUCCESS\" > \"${SCRIPT_OUTPUT_FILE_0}\"\n";
			showEnvVarsInLog = 0;
		};
		D400994F133CF32EF012E536 /* [CP] Embed Pods Frameworks */ = {
			isa = PBXShellScriptBuildPhase;
			buildActionMask = 2147483647;
			files = (
			);
			inputFileListPaths = (
			);
			inputPaths = (
				"${PODS_ROOT}/Target Support Files/Pods-YouTubeClone/Pods-YouTubeClone-frameworks.sh",
				"${BUILT_PRODUCTS_DIR}/Kingfisher/Kingfisher.framework",
				"${BUILT_PRODUCTS_DIR}/Spring/Spring.framework",
			);
			name = "[CP] Embed Pods Frameworks";
			outputFileListPaths = (
			);
			outputPaths = (
				"${TARGET_BUILD_DIR}/${FRAMEWORKS_FOLDER_PATH}/Kingfisher.framework",
				"${TARGET_BUILD_DIR}/${FRAMEWORKS_FOLDER_PATH}/Spring.framework",
			);
			runOnlyForDeploymentPostprocessing = 0;
			shellPath = /bin/sh;
			shellScript = "\"${PODS_ROOT}/Target Support Files/Pods-YouTubeClone/Pods-YouTubeClone-frameworks.sh\"\n";
			showEnvVarsInLog = 0;
		};
/* End PBXShellScriptBuildPhase section */

/* Begin PBXSourcesBuildPhase section */
		04374486238D6BA6007A8742 /* Sources */ = {
			isa = PBXSourcesBuildPhase;
			buildActionMask = 2147483647;
			files = (
				043744A7238D7FD1007A8742 /* Trending.swift in Sources */,
				0491557E2396BEB700107C3D /* SubscriptionsViewController.swift in Sources */,
				04374490238D6BA6007A8742 /* TrendingViewController.swift in Sources */,
				041769E52396AAFF0093D1F7 /* TabbarViewController.swift in Sources */,
				049155822396C1E100107C3D /* InboxViewController.swift in Sources */,
				0437448E238D6BA6007A8742 /* AppDelegate.swift in Sources */,
				049155862396C32900107C3D /* LibraryViewController.swift in Sources */,
				0491558B2396C68D00107C3D /* HeaderView.swift in Sources */,
				043744AA238D863F007A8742 /* UIImageView+LoadImage.swift in Sources */,
				043744A2238D71F4007A8742 /* TrendingTableViewCell.swift in Sources */,
				041769E02396A6270093D1F7 /* HomeViewController.swift in Sources */,
			);
			runOnlyForDeploymentPostprocessing = 0;
		};
/* End PBXSourcesBuildPhase section */

/* Begin PBXVariantGroup section */
		04374491238D6BA6007A8742 /* Main.storyboard */ = {
			isa = PBXVariantGroup;
			children = (
				04374492238D6BA6007A8742 /* Base */,
			);
			name = Main.storyboard;
			sourceTree = "<group>";
		};
		04374496238D6BA8007A8742 /* LaunchScreen.storyboard */ = {
			isa = PBXVariantGroup;
			children = (
				04374497238D6BA8007A8742 /* Base */,
			);
			name = LaunchScreen.storyboard;
			sourceTree = "<group>";
		};
/* End PBXVariantGroup section */

/* Begin XCBuildConfiguration section */
		0437449A238D6BA8007A8742 /* Debug */ = {
			isa = XCBuildConfiguration;
			buildSettings = {
				ALWAYS_SEARCH_USER_PATHS = NO;
				CLANG_ANALYZER_NONNULL = YES;
				CLANG_ANALYZER_NUMBER_OBJECT_CONVERSION = YES_AGGRESSIVE;
				CLANG_CXX_LANGUAGE_STANDARD = "gnu++14";
				CLANG_CXX_LIBRARY = "libc++";
				CLANG_ENABLE_MODULES = YES;
				CLANG_ENABLE_OBJC_ARC = YES;
				CLANG_ENABLE_OBJC_WEAK = YES;
				CLANG_WARN_BLOCK_CAPTURE_AUTORELEASING = YES;
				CLANG_WARN_BOOL_CONVERSION = YES;
				CLANG_WARN_COMMA = YES;
				CLANG_WARN_CONSTANT_CONVERSION = YES;
				CLANG_WARN_DEPRECATED_OBJC_IMPLEMENTATIONS = YES;
				CLANG_WARN_DIRECT_OBJC_ISA_USAGE = YES_ERROR;
				CLANG_WARN_DOCUMENTATION_COMMENTS = YES;
				CLANG_WARN_EMPTY_BODY = YES;
				CLANG_WARN_ENUM_CONVERSION = YES;
				CLANG_WARN_INFINITE_RECURSION = YES;
				CLANG_WARN_INT_CONVERSION = YES;
				CLANG_WARN_NON_LITERAL_NULL_CONVERSION = YES;
				CLANG_WARN_OBJC_IMPLICIT_RETAIN_SELF = YES;
				CLANG_WARN_OBJC_LITERAL_CONVERSION = YES;
				CLANG_WARN_OBJC_ROOT_CLASS = YES_ERROR;
				CLANG_WARN_RANGE_LOOP_ANALYSIS = YES;
				CLANG_WARN_STRICT_PROTOTYPES = YES;
				CLANG_WARN_SUSPICIOUS_MOVE = YES;
				CLANG_WARN_UNGUARDED_AVAILABILITY = YES_AGGRESSIVE;
				CLANG_WARN_UNREACHABLE_CODE = YES;
				CLANG_WARN__DUPLICATE_METHOD_MATCH = YES;
				CODE_SIGN_IDENTITY = "iPhone Developer";
				COPY_PHASE_STRIP = NO;
				DEBUG_INFORMATION_FORMAT = dwarf;
				ENABLE_STRICT_OBJC_MSGSEND = YES;
				ENABLE_TESTABILITY = YES;
				GCC_C_LANGUAGE_STANDARD = gnu11;
				GCC_DYNAMIC_NO_PIC = NO;
				GCC_NO_COMMON_BLOCKS = YES;
				GCC_OPTIMIZATION_LEVEL = 0;
				GCC_PREPROCESSOR_DEFINITIONS = (
					"DEBUG=1",
					"$(inherited)",
				);
				GCC_WARN_64_TO_32_BIT_CONVERSION = YES;
				GCC_WARN_ABOUT_RETURN_TYPE = YES_ERROR;
				GCC_WARN_UNDECLARED_SELECTOR = YES;
				GCC_WARN_UNINITIALIZED_AUTOS = YES_AGGRESSIVE;
				GCC_WARN_UNUSED_FUNCTION = YES;
				GCC_WARN_UNUSED_VARIABLE = YES;
				IPHONEOS_DEPLOYMENT_TARGET = 12.4;
				MTL_ENABLE_DEBUG_INFO = INCLUDE_SOURCE;
				MTL_FAST_MATH = YES;
				ONLY_ACTIVE_ARCH = YES;
				SDKROOT = iphoneos;
				SWIFT_ACTIVE_COMPILATION_CONDITIONS = DEBUG;
				SWIFT_OPTIMIZATION_LEVEL = "-Onone";
			};
			name = Debug;
		};
		0437449B238D6BA8007A8742 /* Release */ = {
			isa = XCBuildConfiguration;
			buildSettings = {
				ALWAYS_SEARCH_USER_PATHS = NO;
				CLANG_ANALYZER_NONNULL = YES;
				CLANG_ANALYZER_NUMBER_OBJECT_CONVERSION = YES_AGGRESSIVE;
				CLANG_CXX_LANGUAGE_STANDARD = "gnu++14";
				CLANG_CXX_LIBRARY = "libc++";
				CLANG_ENABLE_MODULES = YES;
				CLANG_ENABLE_OBJC_ARC = YES;
				CLANG_ENABLE_OBJC_WEAK = YES;
				CLANG_WARN_BLOCK_CAPTURE_AUTORELEASING = YES;
				CLANG_WARN_BOOL_CONVERSION = YES;
				CLANG_WARN_COMMA = YES;
				CLANG_WARN_CONSTANT_CONVERSION = YES;
				CLANG_WARN_DEPRECATED_OBJC_IMPLEMENTATIONS = YES;
				CLANG_WARN_DIRECT_OBJC_ISA_USAGE = YES_ERROR;
				CLANG_WARN_DOCUMENTATION_COMMENTS = YES;
				CLANG_WARN_EMPTY_BODY = YES;
				CLANG_WARN_ENUM_CONVERSION = YES;
				CLANG_WARN_INFINITE_RECURSION = YES;
				CLANG_WARN_INT_CONVERSION = YES;
				CLANG_WARN_NON_LITERAL_NULL_CONVERSION = YES;
				CLANG_WARN_OBJC_IMPLICIT_RETAIN_SELF = YES;
				CLANG_WARN_OBJC_LITERAL_CONVERSION = YES;
				CLANG_WARN_OBJC_ROOT_CLASS = YES_ERROR;
				CLANG_WARN_RANGE_LOOP_ANALYSIS = YES;
				CLANG_WARN_STRICT_PROTOTYPES = YES;
				CLANG_WARN_SUSPICIOUS_MOVE = YES;
				CLANG_WARN_UNGUARDED_AVAILABILITY = YES_AGGRESSIVE;
				CLANG_WARN_UNREACHABLE_CODE = YES;
				CLANG_WARN__DUPLICATE_METHOD_MATCH = YES;
				CODE_SIGN_IDENTITY = "iPhone Developer";
				COPY_PHASE_STRIP = NO;
				DEBUG_INFORMATION_FORMAT = "dwarf-with-dsym";
				ENABLE_NS_ASSERTIONS = NO;
				ENABLE_STRICT_OBJC_MSGSEND = YES;
				GCC_C_LANGUAGE_STANDARD = gnu11;
				GCC_NO_COMMON_BLOCKS = YES;
				GCC_WARN_64_TO_32_BIT_CONVERSION = YES;
				GCC_WARN_ABOUT_RETURN_TYPE = YES_ERROR;
				GCC_WARN_UNDECLARED_SELECTOR = YES;
				GCC_WARN_UNINITIALIZED_AUTOS = YES_AGGRESSIVE;
				GCC_WARN_UNUSED_FUNCTION = YES;
				GCC_WARN_UNUSED_VARIABLE = YES;
				IPHONEOS_DEPLOYMENT_TARGET = 12.4;
				MTL_ENABLE_DEBUG_INFO = NO;
				MTL_FAST_MATH = YES;
				SDKROOT = iphoneos;
				SWIFT_COMPILATION_MODE = wholemodule;
				SWIFT_OPTIMIZATION_LEVEL = "-O";
				VALIDATE_PRODUCT = YES;
			};
			name = Release;
		};
		0437449D238D6BA8007A8742 /* Debug */ = {
			isa = XCBuildConfiguration;
			baseConfigurationReference = 0E1C2B069658D95B3657C65E /* Pods-YouTubeClone.debug.xcconfig */;
			buildSettings = {
				ASSETCATALOG_COMPILER_APPICON_NAME = AppIcon;
				CODE_SIGN_STYLE = Automatic;
				DEVELOPMENT_TEAM = EWV6ACNJ7K;
				INFOPLIST_FILE = YouTubeClone/Info.plist;
				IPHONEOS_DEPLOYMENT_TARGET = 12.3;
				LD_RUNPATH_SEARCH_PATHS = (
					"$(inherited)",
					"@executable_path/Frameworks",
				);
				PRODUCT_BUNDLE_IDENTIFIER = com.lhvan89.YouTubeClone;
				PRODUCT_NAME = "$(TARGET_NAME)";
				SWIFT_VERSION = 5.0;
				TARGETED_DEVICE_FAMILY = "1,2";
			};
			name = Debug;
		};
		0437449E238D6BA8007A8742 /* Release */ = {
			isa = XCBuildConfiguration;
			baseConfigurationReference = 4D0F29C1003CB4A1D0AB28FB /* Pods-YouTubeClone.release.xcconfig */;
			buildSettings = {
				ASSETCATALOG_COMPILER_APPICON_NAME = AppIcon;
				CODE_SIGN_STYLE = Automatic;
				DEVELOPMENT_TEAM = EWV6ACNJ7K;
				INFOPLIST_FILE = YouTubeClone/Info.plist;
				IPHONEOS_DEPLOYMENT_TARGET = 12.3;
				LD_RUNPATH_SEARCH_PATHS = (
					"$(inherited)",
					"@executable_path/Frameworks",
				);
				PRODUCT_BUNDLE_IDENTIFIER = com.lhvan89.YouTubeClone;
				PRODUCT_NAME = "$(TARGET_NAME)";
				SWIFT_VERSION = 5.0;
				TARGETED_DEVICE_FAMILY = "1,2";
			};
			name = Release;
		};
/* End XCBuildConfiguration section */

/* Begin XCConfigurationList section */
		04374485238D6BA6007A8742 /* Build configuration list for PBXProject "YouTubeClone" */ = {
			isa = XCConfigurationList;
			buildConfigurations = (
				0437449A238D6BA8007A8742 /* Debug */,
				0437449B238D6BA8007A8742 /* Release */,
			);
			defaultConfigurationIsVisible = 0;
			defaultConfigurationName = Release;
		};
		0437449C238D6BA8007A8742 /* Build configuration list for PBXNativeTarget "YouTubeClone" */ = {
			isa = XCConfigurationList;
			buildConfigurations = (
				0437449D238D6BA8007A8742 /* Debug */,
				0437449E238D6BA8007A8742 /* Release */,
			);
			defaultConfigurationIsVisible = 0;
			defaultConfigurationName = Release;
		};
/* End XCConfigurationList section */
	};
	rootObject = 04374482238D6BA6007A8742 /* Project object */;
}
